
Microsoft Visual Studio Solution File, Format Version 12.00
# Visual Studio Version 17
VisualStudioVersion = 17.0.31903.59
MinimumVisualStudioVersion = 10.0.40219.1
Project("{FAE04EC0-301F-11D3-BF4B-00C04F79EFBC}") = "taskApi", "taskApi\taskApi.csproj", "{DA3A9B40-5DAE-4156-B35F-B0C0A7244D00}"
EndProject
Project("{FAE04EC0-301F-11D3-BF4B-00C04F79EFBC}") = "Core", "Core\Core.csproj", "{84593BEA-CFC6-457C-9DFD-DDDB02338046}"
EndProject
Project("{FAE04EC0-301F-11D3-BF4B-00C04F79EFBC}") = "BusinessLogic", "BusinessLogic\BusinessLogic.csproj", "{3A795FE2-9389-466B-861C-06C0131AA11F}"
EndProject
Global
	GlobalSection(SolutionConfigurationPlatforms) = preSolution
		Debug|Any CPU = Debug|Any CPU
		Release|Any CPU = Release|Any CPU
	EndGlobalSection
	GlobalSection(SolutionProperties) = preSolution
		HideSolutionNode = FALSE
	EndGlobalSection
	GlobalSection(ProjectConfigurationPlatforms) = postSolution
		{DA3A9B40-5DAE-4156-B35F-B0C0A7244D00}.Debug|Any CPU.ActiveCfg = Debug|Any CPU
		{DA3A9B40-5DAE-4156-B35F-B0C0A7244D00}.Debug|Any CPU.Build.0 = Debug|Any CPU
		{DA3A9B40-5DAE-4156-B35F-B0C0A7244D00}.Release|Any CPU.ActiveCfg = Release|Any CPU
		{DA3A9B40-5DAE-4156-B35F-B0C0A7244D00}.Release|Any CPU.Build.0 = Release|Any CPU
		{84593BEA-CFC6-457C-9DFD-DDDB02338046}.Debug|Any CPU.ActiveCfg = Debug|Any CPU
		{84593BEA-CFC6-457C-9DFD-DDDB02338046}.Debug|Any CPU.Build.0 = Debug|Any CPU
		{84593BEA-CFC6-457C-9DFD-DDDB02338046}.Release|Any CPU.ActiveCfg = Release|Any CPU
		{84593BEA-CFC6-457C-9DFD-DDDB02338046}.Release|Any CPU.Build.0 = Release|Any CPU
		{3A795FE2-9389-466B-861C-06C0131AA11F}.Debug|Any CPU.ActiveCfg = Debug|Any CPU
		{3A795FE2-9389-466B-861C-06C0131AA11F}.Debug|Any CPU.Build.0 = Debug|Any CPU
		{3A795FE2-9389-466B-861C-06C0131AA11F}.Release|Any CPU.ActiveCfg = Release|Any CPU
		{3A795FE2-9389-466B-861C-06C0131AA11F}.Release|Any CPU.Build.0 = Release|Any CPU
	EndGlobalSection
EndGlobal
